// !$*UTF8*$!
{
	archiveVersion = 1;
	classes = {
	};
	objectVersion = 55;
	objects = {

/* Begin PBXBuildFile section */
		41179B53285E8A690086D6DA /* AppDelegate.swift in Sources */ = {isa = PBXBuildFile; fileRef = 41179B52285E8A690086D6DA /* AppDelegate.swift */; };
		41179B55285E8A690086D6DA /* SceneDelegate.swift in Sources */ = {isa = PBXBuildFile; fileRef = 41179B54285E8A690086D6DA /* SceneDelegate.swift */; };
		41179B57285E8A690086D6DA /* ViewController.swift in Sources */ = {isa = PBXBuildFile; fileRef = 41179B56285E8A690086D6DA /* ViewController.swift */; };
		41179B5A285E8A690086D6DA /* Main.storyboard in Resources */ = {isa = PBXBuildFile; fileRef = 41179B58285E8A690086D6DA /* Main.storyboard */; };
		41179B5C285E8A6F0086D6DA /* Assets.xcassets in Resources */ = {isa = PBXBuildFile; fileRef = 41179B5B285E8A6F0086D6DA /* Assets.xcassets */; };
		41179B5F285E8A6F0086D6DA /* LaunchScreen.storyboard in Resources */ = {isa = PBXBuildFile; fileRef = 41179B5D285E8A6F0086D6DA /* LaunchScreen.storyboard */; };
		41179B6A285E8A700086D6DA /* Persons_AppTests.swift in Sources */ = {isa = PBXBuildFile; fileRef = 41179B69285E8A700086D6DA /* Persons_AppTests.swift */; };
		41179B74285E8A700086D6DA /* Persons_AppUITests.swift in Sources */ = {isa = PBXBuildFile; fileRef = 41179B73285E8A700086D6DA /* Persons_AppUITests.swift */; };
		41179B76285E8A700086D6DA /* Persons_AppUITestsLaunchTests.swift in Sources */ = {isa = PBXBuildFile; fileRef = 41179B75285E8A700086D6DA /* Persons_AppUITestsLaunchTests.swift */; };
/* End PBXBuildFile section */

/* Begin PBXContainerItemProxy section */
		41179B66285E8A700086D6DA /* PBXContainerItemProxy */ = {
			isa = PBXContainerItemProxy;
			containerPortal = 41179B47285E8A690086D6DA /* Project object */;
			proxyType = 1;
			remoteGlobalIDString = 41179B4E285E8A690086D6DA;
			remoteInfo = "Persons App";
		};
		41179B70285E8A700086D6DA /* PBXContainerItemProxy */ = {
			isa = PBXContainerItemProxy;
			containerPortal = 41179B47285E8A690086D6DA /* Project object */;
			proxyType = 1;
			remoteGlobalIDString = 41179B4E285E8A690086D6DA;
			remoteInfo = "Persons App";
		};
/* End PBXContainerItemProxy section */

/* Begin PBXFileReference section */
		41179B4F285E8A690086D6DA /* Persons App.app */ = {isa = PBXFileReference; explicitFileType = wrapper.application; includeInIndex = 0; path = "Persons App.app"; sourceTree = BUILT_PRODUCTS_DIR; };
		41179B52285E8A690086D6DA /* AppDelegate.swift */ = {isa = PBXFileReference; lastKnownFileType = sourcecode.swift; path = AppDelegate.swift; sourceTree = "<group>"; };
		41179B54285E8A690086D6DA /* SceneDelegate.swift */ = {isa = PBXFileReference; lastKnownFileType = sourcecode.swift; path = SceneDelegate.swift; sourceTree = "<group>"; };
		41179B56285E8A690086D6DA /* ViewController.swift */ = {isa = PBXFileReference; lastKnownFileType = sourcecode.swift; path = ViewController.swift; sourceTree = "<group>"; };
		41179B59285E8A690086D6DA /* Base */ = {isa = PBXFileReference; lastKnownFileType = file.storyboard; name = Base; path = Base.lproj/Main.storyboard; sourceTree = "<group>"; };
		41179B5B285E8A6F0086D6DA /* Assets.xcassets */ = {isa = PBXFileReference; lastKnownFileType = folder.assetcatalog; path = Assets.xcassets; sourceTree = "<group>"; };
		41179B5E285E8A6F0086D6DA /* Base */ = {isa = PBXFileReference; lastKnownFileType = file.storyboard; name = Base; path = Base.lproj/LaunchScreen.storyboard; sourceTree = "<group>"; };
		41179B60285E8A6F0086D6DA /* Info.plist */ = {isa = PBXFileReference; lastKnownFileType = text.plist.xml; path = Info.plist; sourceTree = "<group>"; };
		41179B65285E8A700086D6DA /* Persons AppTests.xctest */ = {isa = PBXFileReference; explicitFileType = wrapper.cfbundle; includeInIndex = 0; path = "Persons AppTests.xctest"; sourceTree = BUILT_PRODUCTS_DIR; };
		41179B69285E8A700086D6DA /* Persons_AppTests.swift */ = {isa = PBXFileReference; lastKnownFileType = sourcecode.swift; path = Persons_AppTests.swift; sourceTree = "<group>"; };
		41179B6F285E8A700086D6DA /* Persons AppUITests.xctest */ = {isa = PBXFileReference; explicitFileType = wrapper.cfbundle; includeInIndex = 0; path = "Persons AppUITests.xctest"; sourceTree = BUILT_PRODUCTS_DIR; };
		41179B73285E8A700086D6DA /* Persons_AppUITests.swift */ = {isa = PBXFileReference; lastKnownFileType = sourcecode.swift; path = Persons_AppUITests.swift; sourceTree = "<group>"; };
		41179B75285E8A700086D6DA /* Persons_AppUITestsLaunchTests.swift */ = {isa = PBXFileReference; lastKnownFileType = sourcecode.swift; path = Persons_AppUITestsLaunchTests.swift; sourceTree = "<group>"; };
/* End PBXFileReference section */

/* Begin PBXFrameworksBuildPhase section */
		41179B4C285E8A690086D6DA /* Frameworks */ = {
			isa = PBXFrameworksBuildPhase;
			buildActionMask = 2147483647;
			files = (
			);
			runOnlyForDeploymentPostprocessing = 0;
		};
		41179B62285E8A700086D6DA /* Frameworks */ = {
			isa = PBXFrameworksBuildPhase;
			buildActionMask = 2147483647;
			files = (
			);
			runOnlyForDeploymentPostprocessing = 0;
		};
		41179B6C285E8A700086D6DA /* Frameworks */ = {
			isa = PBXFrameworksBuildPhase;
			buildActionMask = 2147483647;
			files = (
			);
			runOnlyForDeploymentPostprocessing = 0;
		};
/* End PBXFrameworksBuildPhase section */

/* Begin PBXGroup section */
		41179B46285E8A690086D6DA = {
			isa = PBXGroup;
			children = (
				41179B51285E8A690086D6DA /* Persons App */,
				41179B68285E8A700086D6DA /* Persons AppTests */,
				41179B72285E8A700086D6DA /* Persons AppUITests */,
				41179B50285E8A690086D6DA /* Products */,
			);
			sourceTree = "<group>";
		};
		41179B50285E8A690086D6DA /* Products */ = {
			isa = PBXGroup;
			children = (
				41179B4F285E8A690086D6DA /* Persons App.app */,
				41179B65285E8A700086D6DA /* Persons AppTests.xctest */,
				41179B6F285E8A700086D6DA /* Persons AppUITests.xctest */,
			);
			name = Products;
			sourceTree = "<group>";
		};
		41179B51285E8A690086D6DA /* Persons App */ = {
			isa = PBXGroup;
			children = (
				41179B52285E8A690086D6DA /* AppDelegate.swift */,
				41179B54285E8A690086D6DA /* SceneDelegate.swift */,
				41179B56285E8A690086D6DA /* ViewController.swift */,
				41179B58285E8A690086D6DA /* Main.storyboard */,
				41179B5B285E8A6F0086D6DA /* Assets.xcassets */,
				41179B5D285E8A6F0086D6DA /* LaunchScreen.storyboard */,
				41179B60285E8A6F0086D6DA /* Info.plist */,
			);
			path = "Persons App";
			sourceTree = "<group>";
		};
		41179B68285E8A700086D6DA /* Persons AppTests */ = {
			isa = PBXGroup;
			children = (
				41179B69285E8A700086D6DA /* Persons_AppTests.swift */,
			);
			path = "Persons AppTests";
			sourceTree = "<group>";
		};
		41179B72285E8A700086D6DA /* Persons AppUITests */ = {
			isa = PBXGroup;
			children = (
				41179B73285E8A700086D6DA /* Persons_AppUITests.swift */,
				41179B75285E8A700086D6DA /* Persons_AppUITestsLaunchTests.swift */,
			);
			path = "Persons AppUITests";
			sourceTree = "<group>";
		};
/* End PBXGroup section */

/* Begin PBXNativeTarget section */
		41179B4E285E8A690086D6DA /* Persons App */ = {
			isa = PBXNativeTarget;
			buildConfigurationList = 41179B79285E8A700086D6DA /* Build configuration list for PBXNativeTarget "Persons App" */;
			buildPhases = (
				41179B4B285E8A690086D6DA /* Sources */,
				41179B4C285E8A690086D6DA /* Frameworks */,
				41179B4D285E8A690086D6DA /* Resources */,
			);
			buildRules = (
			);
			dependencies = (
			);
			name = "Persons App";
			productName = "Persons App";
			productReference = 41179B4F285E8A690086D6DA /* Persons App.app */;
			productType = "com.apple.product-type.application";
		};
		41179B64285E8A700086D6DA /* Persons AppTests */ = {
			isa = PBXNativeTarget;
			buildConfigurationList = 41179B7C285E8A700086D6DA /* Build configuration list for PBXNativeTarget "Persons AppTests" */;
			buildPhases = (
				41179B61285E8A700086D6DA /* Sources */,
				41179B62285E8A700086D6DA /* Frameworks */,
				41179B63285E8A700086D6DA /* Resources */,
			);
			buildRules = (
			);
			dependencies = (
				41179B67285E8A700086D6DA /* PBXTargetDependency */,
			);
			name = "Persons AppTests";
			productName = "Persons AppTests";
			productReference = 41179B65285E8A700086D6DA /* Persons AppTests.xctest */;
			productType = "com.apple.product-type.bundle.unit-test";
		};
		41179B6E285E8A700086D6DA /* Persons AppUITests */ = {
			isa = PBXNativeTarget;
			buildConfigurationList = 41179B7F285E8A700086D6DA /* Build configuration list for PBXNativeTarget "Persons AppUITests" */;
			buildPhases = (
				41179B6B285E8A700086D6DA /* Sources */,
				41179B6C285E8A700086D6DA /* Frameworks */,
				41179B6D285E8A700086D6DA /* Resources */,
			);
			buildRules = (
			);
			dependencies = (
				41179B71285E8A700086D6DA /* PBXTargetDependency */,
			);
			name = "Persons AppUITests";
			productName = "Persons AppUITests";
			productReference = 41179B6F285E8A700086D6DA /* Persons AppUITests.xctest */;
			productType = "com.apple.product-type.bundle.ui-testing";
		};
/* End PBXNativeTarget section */

/* Begin PBXProject section */
		41179B47285E8A690086D6DA /* Project object */ = {
			isa = PBXProject;
			attributes = {
				BuildIndependentTargetsInParallel = 1;
				LastSwiftUpdateCheck = 1340;
				LastUpgradeCheck = 1340;
				TargetAttributes = {
					41179B4E285E8A690086D6DA = {
						CreatedOnToolsVersion = 13.4.1;
					};
					41179B64285E8A700086D6DA = {
						CreatedOnToolsVersion = 13.4.1;
						TestTargetID = 41179B4E285E8A690086D6DA;
					};
					41179B6E285E8A700086D6DA = {
						CreatedOnToolsVersion = 13.4.1;
						TestTargetID = 41179B4E285E8A690086D6DA;
					};
				};
			};
			buildConfigurationList = 41179B4A285E8A690086D6DA /* Build configuration list for PBXProject "Persons App" */;
			compatibilityVersion = "Xcode 13.0";
			developmentRegion = en;
			hasScannedForEncodings = 0;
			knownRegions = (
				en,
				Base,
			);
			mainGroup = 41179B46285E8A690086D6DA;
			productRefGroup = 41179B50285E8A690086D6DA /* Products */;
			projectDirPath = "";
			projectRoot = "";
			targets = (
				41179B4E285E8A690086D6DA /* Persons App */,
				41179B64285E8A700086D6DA /* Persons AppTests */,
				41179B6E285E8A700086D6DA /* Persons AppUITests */,
			);
		};
/* End PBXProject section */

/* Begin PBXResourcesBuildPhase section */
		41179B4D285E8A690086D6DA /* Resources */ = {
			isa = PBXResourcesBuildPhase;
			buildActionMask = 2147483647;
			files = (
				41179B5F285E8A6F0086D6DA /* LaunchScreen.storyboard in Resources */,
				41179B5C285E8A6F0086D6DA /* Assets.xcassets in Resources */,
				41179B5A285E8A690086D6DA /* Main.storyboard in Resources */,
			);
			runOnlyForDeploymentPostprocessing = 0;
		};
		41179B63285E8A700086D6DA /* Resources */ = {
			isa = PBXResourcesBuildPhase;
			buildActionMask = 2147483647;
			files = (
			);
			runOnlyForDeploymentPostprocessing = 0;
		};
		41179B6D285E8A700086D6DA /* Resources */ = {
			isa = PBXResourcesBuildPhase;
			buildActionMask = 2147483647;
			files = (
			);
			runOnlyForDeploymentPostprocessing = 0;
		};
/* End PBXResourcesBuildPhase section */

/* Begin PBXSourcesBuildPhase section */
		41179B4B285E8A690086D6DA /* Sources */ = {
			isa = PBXSourcesBuildPhase;
			buildActionMask = 2147483647;
			files = (
				41179B57285E8A690086D6DA /* ViewController.swift in Sources */,
				41179B53285E8A690086D6DA /* AppDelegate.swift in Sources */,
				41179B55285E8A690086D6DA /* SceneDelegate.swift in Sources */,
			);
			runOnlyForDeploymentPostprocessing = 0;
		};
		41179B61285E8A700086D6DA /* Sources */ = {
			isa = PBXSourcesBuildPhase;
			buildActionMask = 2147483647;
			files = (
				41179B6A285E8A700086D6DA /* Persons_AppTests.swift in Sources */,
			);
			runOnlyForDeploymentPostprocessing = 0;
		};
		41179B6B285E8A700086D6DA /* Sources */ = {
			isa = PBXSourcesBuildPhase;
			buildActionMask = 2147483647;
			files = (
				41179B74285E8A700086D6DA /* Persons_AppUITests.swift in Sources */,
				41179B76285E8A700086D6DA /* Persons_AppUITestsLaunchTests.swift in Sources */,
			);
			runOnlyForDeploymentPostprocessing = 0;
		};
/* End PBXSourcesBuildPhase section */

/* Begin PBXTargetDependency section */
		41179B67285E8A700086D6DA /* PBXTargetDependency */ = {
			isa = PBXTargetDependency;
			target = 41179B4E285E8A690086D6DA /* Persons App */;
			targetProxy = 41179B66285E8A700086D6DA /* PBXContainerItemProxy */;
		};
		41179B71285E8A700086D6DA /* PBXTargetDependency */ = {
			isa = PBXTargetDependency;
			target = 41179B4E285E8A690086D6DA /* Persons App */;
			targetProxy = 41179B70285E8A700086D6DA /* PBXContainerItemProxy */;
		};
/* End PBXTargetDependency section */

/* Begin PBXVariantGroup section */
		41179B58285E8A690086D6DA /* Main.storyboard */ = {
			isa = PBXVariantGroup;
			children = (
				41179B59285E8A690086D6DA /* Base */,
			);
			name = Main.storyboard;
			sourceTree = "<group>";
		};
		41179B5D285E8A6F0086D6DA /* LaunchScreen.storyboard */ = {
			isa = PBXVariantGroup;
			children = (
				41179B5E285E8A6F0086D6DA /* Base */,
			);
			name = LaunchScreen.storyboard;
			sourceTree = "<group>";
		};
/* End PBXVariantGroup section */

/* Begin XCBuildConfiguration section */
		41179B77285E8A700086D6DA /* Debug */ = {
			isa = XCBuildConfiguration;
			buildSettings = {
				ALWAYS_SEARCH_USER_PATHS = NO;
				CLANG_ANALYZER_NONNULL = YES;
				CLANG_ANALYZER_NUMBER_OBJECT_CONVERSION = YES_AGGRESSIVE;
				CLANG_CXX_LANGUAGE_STANDARD = "gnu++17";
				CLANG_ENABLE_MODULES = YES;
				CLANG_ENABLE_OBJC_ARC = YES;
				CLANG_ENABLE_OBJC_WEAK = YES;
				CLANG_WARN_BLOCK_CAPTURE_AUTORELEASING = YES;
				CLANG_WARN_BOOL_CONVERSION = YES;
				CLANG_WARN_COMMA = YES;
				CLANG_WARN_CONSTANT_CONVERSION = YES;
				CLANG_WARN_DEPRECATED_OBJC_IMPLEMENTATIONS = YES;
				CLANG_WARN_DIRECT_OBJC_ISA_USAGE = YES_ERROR;
				CLANG_WARN_DOCUMENTATION_COMMENTS = YES;
				CLANG_WARN_EMPTY_BODY = YES;
				CLANG_WARN_ENUM_CONVERSION = YES;
				CLANG_WARN_INFINITE_RECURSION = YES;
				CLANG_WARN_INT_CONVERSION = YES;
				CLANG_WARN_NON_LITERAL_NULL_CONVERSION = YES;
				CLANG_WARN_OBJC_IMPLICIT_RETAIN_SELF = YES;
				CLANG_WARN_OBJC_LITERAL_CONVERSION = YES;
				CLANG_WARN_OBJC_ROOT_CLASS = YES_ERROR;
				CLANG_WARN_QUOTED_INCLUDE_IN_FRAMEWORK_HEADER = YES;
				CLANG_WARN_RANGE_LOOP_ANALYSIS = YES;
				CLANG_WARN_STRICT_PROTOTYPES = YES;
				CLANG_WARN_SUSPICIOUS_MOVE = YES;
				CLANG_WARN_UNGUARDED_AVAILABILITY = YES_AGGRESSIVE;
				CLANG_WARN_UNREACHABLE_CODE = YES;
				CLANG_WARN__DUPLICATE_METHOD_MATCH = YES;
				COPY_PHASE_STRIP = NO;
				DEBUG_INFORMATION_FORMAT = dwarf;
				ENABLE_STRICT_OBJC_MSGSEND = YES;
				ENABLE_TESTABILITY = YES;
				GCC_C_LANGUAGE_STANDARD = gnu11;
				GCC_DYNAMIC_NO_PIC = NO;
				GCC_NO_COMMON_BLOCKS = YES;
				GCC_OPTIMIZATION_LEVEL = 0;
				GCC_PREPROCESSOR_DEFINITIONS = (
					"DEBUG=1",
					"$(inherited)",
				);
				GCC_WARN_64_TO_32_BIT_CONVERSION = YES;
				GCC_WARN_ABOUT_RETURN_TYPE = YES_ERROR;
				GCC_WARN_UNDECLARED_SELECTOR = YES;
				GCC_WARN_UNINITIALIZED_AUTOS = YES_AGGRESSIVE;
				GCC_WARN_UNUSED_FUNCTION = YES;
				GCC_WARN_UNUSED_VARIABLE = YES;
				IPHONEOS_DEPLOYMENT_TARGET = 15.5;
				MTL_ENABLE_DEBUG_INFO = INCLUDE_SOURCE;
				MTL_FAST_MATH = YES;
				ONLY_ACTIVE_ARCH = YES;
				SDKROOT = iphoneos;
				SWIFT_ACTIVE_COMPILATION_CONDITIONS = DEBUG;
				SWIFT_OPTIMIZATION_LEVEL = "-Onone";
			};
			name = Debug;
		};
		41179B78285E8A700086D6DA /* Release */ = {
			isa = XCBuildConfiguration;
			buildSettings = {
				ALWAYS_SEARCH_USER_PATHS = NO;
				CLANG_ANALYZER_NONNULL = YES;
				CLANG_ANALYZER_NUMBER_OBJECT_CONVERSION = YES_AGGRESSIVE;
				CLANG_CXX_LANGUAGE_STANDARD = "gnu++17";
				CLANG_ENABLE_MODULES = YES;
				CLANG_ENABLE_OBJC_ARC = YES;
				CLANG_ENABLE_OBJC_WEAK = YES;
				CLANG_WARN_BLOCK_CAPTURE_AUTORELEASING = YES;
				CLANG_WARN_BOOL_CONVERSION = YES;
				CLANG_WARN_COMMA = YES;
				CLANG_WARN_CONSTANT_CONVERSION = YES;
				CLANG_WARN_DEPRECATED_OBJC_IMPLEMENTATIONS = YES;
				CLANG_WARN_DIRECT_OBJC_ISA_USAGE = YES_ERROR;
				CLANG_WARN_DOCUMENTATION_COMMENTS = YES;
				CLANG_WARN_EMPTY_BODY = YES;
				CLANG_WARN_ENUM_CONVERSION = YES;
				CLANG_WARN_INFINITE_RECURSION = YES;
				CLANG_WARN_INT_CONVERSION = YES;
				CLANG_WARN_NON_LITERAL_NULL_CONVERSION = YES;
				CLANG_WARN_OBJC_IMPLICIT_RETAIN_SELF = YES;
				CLANG_WARN_OBJC_LITERAL_CONVERSION = YES;
				CLANG_WARN_OBJC_ROOT_CLASS = YES_ERROR;
				CLANG_WARN_QUOTED_INCLUDE_IN_FRAMEWORK_HEADER = YES;
				CLANG_WARN_RANGE_LOOP_ANALYSIS = YES;
				CLANG_WARN_STRICT_PROTOTYPES = YES;
				CLANG_WARN_SUSPICIOUS_MOVE = YES;
				CLANG_WARN_UNGUARDED_AVAILABILITY = YES_AGGRESSIVE;
				CLANG_WARN_UNREACHABLE_CODE = YES;
				CLANG_WARN__DUPLICATE_METHOD_MATCH = YES;
				COPY_PHASE_STRIP = NO;
				DEBUG_INFORMATION_FORMAT = "dwarf-with-dsym";
				ENABLE_NS_ASSERTIONS = NO;
				ENABLE_STRICT_OBJC_MSGSEND = YES;
				GCC_C_LANGUAGE_STANDARD = gnu11;
				GCC_NO_COMMON_BLOCKS = YES;
				GCC_WARN_64_TO_32_BIT_CONVERSION = YES;
				GCC_WARN_ABOUT_RETURN_TYPE = YES_ERROR;
				GCC_WARN_UNDECLARED_SELECTOR = YES;
				GCC_WARN_UNINITIALIZED_AUTOS = YES_AGGRESSIVE;
				GCC_WARN_UNUSED_FUNCTION = YES;
				GCC_WARN_UNUSED_VARIABLE = YES;
				IPHONEOS_DEPLOYMENT_TARGET = 15.5;
				MTL_ENABLE_DEBUG_INFO = NO;
				MTL_FAST_MATH = YES;
				SDKROOT = iphoneos;
				SWIFT_COMPILATION_MODE = wholemodule;
				SWIFT_OPTIMIZATION_LEVEL = "-O";
				VALIDATE_PRODUCT = YES;
			};
			name = Release;
		};
		41179B7A285E8A700086D6DA /* Debug */ = {
			isa = XCBuildConfiguration;
			buildSettings = {
				ASSETCATALOG_COMPILER_APPICON_NAME = AppIcon;
				ASSETCATALOG_COMPILER_GLOBAL_ACCENT_COLOR_NAME = AccentColor;
				CODE_SIGN_STYLE = Automatic;
				CURRENT_PROJECT_VERSION = 1;
				GENERATE_INFOPLIST_FILE = YES;
				INFOPLIST_FILE = "Persons App/Info.plist";
				INFOPLIST_KEY_UIApplicationSupportsIndirectInputEvents = YES;
				INFOPLIST_KEY_UILaunchStoryboardName = LaunchScreen;
				INFOPLIST_KEY_UIMainStoryboardFile = Main;
				INFOPLIST_KEY_UISupportedInterfaceOrientations_iPad = "UIInterfaceOrientationPortrait UIInterfaceOrientationPortraitUpsideDown UIInterfaceOrientationLandscapeLeft UIInterfaceOrientationLandscapeRight";
				INFOPLIST_KEY_UISupportedInterfaceOrientations_iPhone = "UIInterfaceOrientationPortrait UIInterfaceOrientationLandscapeLeft UIInterfaceOrientationLandscapeRight";
				LD_RUNPATH_SEARCH_PATHS = (
					"$(inherited)",
					"@executable_path/Frameworks",
				);
				MARKETING_VERSION = 1.0;
				PRODUCT_BUNDLE_IDENTIFIER = "keremdemir.Persons-App";
				PRODUCT_NAME = "$(TARGET_NAME)";
				SWIFT_EMIT_LOC_STRINGS = YES;
				SWIFT_VERSION = 5.0;
				TARGETED_DEVICE_FAMILY = "1,2";
			};
			name = Debug;
		};
		41179B7B285E8A700086D6DA /* Release */ = {
			isa = XCBuildConfiguration;
			buildSettings = {
				ASSETCATALOG_COMPILER_APPICON_NAME = AppIcon;
				ASSETCATALOG_COMPILER_GLOBAL_ACCENT_COLOR_NAME = AccentColor;
				CODE_SIGN_STYLE = Automatic;
				CURRENT_PROJECT_VERSION = 1;
				GENERATE_INFOPLIST_FILE = YES;
				INFOPLIST_FILE = "Persons App/Info.plist";
				INFOPLIST_KEY_UIApplicationSupportsIndirectInputEvents = YES;
				INFOPLIST_KEY_UILaunchStoryboardName = LaunchScreen;
				INFOPLIST_KEY_UIMainStoryboardFile = Main;
				INFOPLIST_KEY_UISupportedInterfaceOrientations_iPad = "UIInterfaceOrientationPortrait UIInterfaceOrientationPortraitUpsideDown UIInterfaceOrientationLandscapeLeft UIInterfaceOrientationLandscapeRight";
				INFOPLIST_KEY_UISupportedInterfaceOrientations_iPhone = "UIInterfaceOrientationPortrait UIInterfaceOrientationLandscapeLeft UIInterfaceOrientationLandscapeRight";
				LD_RUNPATH_SEARCH_PATHS = (
					"$(inherited)",
					"@executable_path/Frameworks",
				);
				MARKETING_VERSION = 1.0;
				PRODUCT_BUNDLE_IDENTIFIER = "keremdemir.Persons-App";
				PRODUCT_NAME = "$(TARGET_NAME)";
				SWIFT_EMIT_LOC_STRINGS = YES;
				SWIFT_VERSION = 5.0;
				TARGETED_DEVICE_FAMILY = "1,2";
			};
			name = Release;
		};
		41179B7D285E8A700086D6DA /* Debug */ = {
			isa = XCBuildConfiguration;
			buildSettings = {
				ALWAYS_EMBED_SWIFT_STANDARD_LIBRARIES = YES;
				BUNDLE_LOADER = "$(TEST_HOST)";
				CODE_SIGN_STYLE = Automatic;
				CURRENT_PROJECT_VERSION = 1;
				GENERATE_INFOPLIST_FILE = YES;
				IPHONEOS_DEPLOYMENT_TARGET = 15.5;
				MARKETING_VERSION = 1.0;
				PRODUCT_BUNDLE_IDENTIFIER = "keremdemir.Persons-AppTests";
				PRODUCT_NAME = "$(TARGET_NAME)";
				SWIFT_EMIT_LOC_STRINGS = NO;
				SWIFT_VERSION = 5.0;
				TARGETED_DEVICE_FAMILY = "1,2";
				TEST_HOST = "$(BUILT_PRODUCTS_DIR)/Persons App.app/Persons App";
			};
			name = Debug;
		};
		41179B7E285E8A700086D6DA /* Release */ = {
			isa = XCBuildConfiguration;
			buildSettings = {
				ALWAYS_EMBED_SWIFT_STANDARD_LIBRARIES = YES;
				BUNDLE_LOADER = "$(TEST_HOST)";
				CODE_SIGN_STYLE = Automatic;
				CURRENT_PROJECT_VERSION = 1;
				GENERATE_INFOPLIST_FILE = YES;
				IPHONEOS_DEPLOYMENT_TARGET = 15.5;
				MARKETING_VERSION = 1.0;
				PRODUCT_BUNDLE_IDENTIFIER = "keremdemir.Persons-AppTests";
				PRODUCT_NAME = "$(TARGET_NAME)";
				SWIFT_EMIT_LOC_STRINGS = NO;
				SWIFT_VERSION = 5.0;
				TARGETED_DEVICE_FAMILY = "1,2";
				TEST_HOST = "$(BUILT_PRODUCTS_DIR)/Persons App.app/Persons App";
			};
			name = Release;
		};
		41179B80285E8A700086D6DA /* Debug */ = {
			isa = XCBuildConfiguration;
			buildSettings = {
				ALWAYS_EMBED_SWIFT_STANDARD_LIBRARIES = YES;
				CODE_SIGN_STYLE = Automatic;
				CURRENT_PROJECT_VERSION = 1;
				GENERATE_INFOPLIST_FILE = YES;
				MARKETING_VERSION = 1.0;
				PRODUCT_BUNDLE_IDENTIFIER = "keremdemir.Persons-AppUITests";
				PRODUCT_NAME = "$(TARGET_NAME)";
				SWIFT_EMIT_LOC_STRINGS = NO;
				SWIFT_VERSION = 5.0;
				TARGETED_DEVICE_FAMILY = "1,2";
				TEST_TARGET_NAME = "Persons App";
			};
			name = Debug;
		};
		41179B81285E8A700086D6DA /* Release */ = {
			isa = XCBuildConfiguration;
			buildSettings = {
				ALWAYS_EMBED_SWIFT_STANDARD_LIBRARIES = YES;
				CODE_SIGN_STYLE = Automatic;
				CURRENT_PROJECT_VERSION = 1;
				GENERATE_INFOPLIST_FILE = YES;
				MARKETING_VERSION = 1.0;
				PRODUCT_BUNDLE_IDENTIFIER = "keremdemir.Persons-AppUITests";
				PRODUCT_NAME = "$(TARGET_NAME)";
				SWIFT_EMIT_LOC_STRINGS = NO;
				SWIFT_VERSION = 5.0;
				TARGETED_DEVICE_FAMILY = "1,2";
				TEST_TARGET_NAME = "Persons App";
			};
			name = Release;
		};
/* End XCBuildConfiguration section */

/* Begin XCConfigurationList section */
		41179B4A285E8A690086D6DA /* Build configuration list for PBXProject "Persons App" */ = {
			isa = XCConfigurationList;
			buildConfigurations = (
				41179B77285E8A700086D6DA /* Debug */,
				41179B78285E8A700086D6DA /* Release */,
			);
			defaultConfigurationIsVisible = 0;
			defaultConfigurationName = Release;
		};
		41179B79285E8A700086D6DA /* Build configuration list for PBXNativeTarget "Persons App" */ = {
			isa = XCConfigurationList;
			buildConfigurations = (
				41179B7A285E8A700086D6DA /* Debug */,
				41179B7B285E8A700086D6DA /* Release */,
			);
			defaultConfigurationIsVisible = 0;
			defaultConfigurationName = Release;
		};
		41179B7C285E8A700086D6DA /* Build configuration list for PBXNativeTarget "Persons AppTests" */ = {
			isa = XCConfigurationList;
			buildConfigurations = (
				41179B7D285E8A700086D6DA /* Debug */,
				41179B7E285E8A700086D6DA /* Release */,
			);
			defaultConfigurationIsVisible = 0;
			defaultConfigurationName = Release;
		};
		41179B7F285E8A700086D6DA /* Build configuration list for PBXNativeTarget "Persons AppUITests" */ = {
			isa = XCConfigurationList;
			buildConfigurations = (
				41179B80285E8A700086D6DA /* Debug */,
				41179B81285E8A700086D6DA /* Release */,
			);
			defaultConfigurationIsVisible = 0;
			defaultConfigurationName = Release;
		};
/* End XCConfigurationList section */
	};
	rootObject = 41179B47285E8A690086D6DA /* Project object */;
}
